
Microsoft Visual Studio Solution File, Format Version 12.00
# Visual Studio Version 17
VisualStudioVersion = 17.5.33502.453
MinimumVisualStudioVersion = 10.0.40219.1
Project("{FAE04EC0-301F-11D3-BF4B-00C04F79EFBC}") = "LocadoraClassic.View", "LocadoraClassic.View\LocadoraClassic.View.csproj", "{C648BD22-3EC4-4A02-AAAF-3F1BABB82C9B}"
EndProject
Project("{FAE04EC0-301F-11D3-BF4B-00C04F79EFBC}") = "LocadoraClassic.BO", "LocadoraClassic.BO\LocadoraClassic.BO.csproj", "{BBD7655C-C846-4308-B410-C77957901A77}"
EndProject
Project("{FAE04EC0-301F-11D3-BF4B-00C04F79EFBC}") = "LocadoraClassic.DAL", "LocadoraClassic.DAL\LocadoraClassic.DAL.csproj", "{97330F57-3E51-4DE4-8FE9-3B753AA27A08}"
EndProject
Project("{FAE04EC0-301F-11D3-BF4B-00C04F79EFBC}") = "LocadoraClassic.VO", "LocadoraClassic.VO\LocadoraClassic.VO.csproj", "{D5F2F843-1349-4880-ADE2-CD51DF1B7954}"
EndProject
Project("{FAE04EC0-301F-11D3-BF4B-00C04F79EFBC}") = "LocadoraClassic.API", "LocadoraClassic.API\LocadoraClassic.API.csproj", "{52691189-A78D-4C4F-B042-4697B0AE1210}"
EndProject
Global
	GlobalSection(SolutionConfigurationPlatforms) = preSolution
		Debug|Any CPU = Debug|Any CPU
		Release|Any CPU = Release|Any CPU
	EndGlobalSection
	GlobalSection(ProjectConfigurationPlatforms) = postSolution
		{C648BD22-3EC4-4A02-AAAF-3F1BABB82C9B}.Debug|Any CPU.ActiveCfg = Debug|Any CPU
		{C648BD22-3EC4-4A02-AAAF-3F1BABB82C9B}.Debug|Any CPU.Build.0 = Debug|Any CPU
		{C648BD22-3EC4-4A02-AAAF-3F1BABB82C9B}.Release|Any CPU.ActiveCfg = Release|Any CPU
		{C648BD22-3EC4-4A02-AAAF-3F1BABB82C9B}.Release|Any CPU.Build.0 = Release|Any CPU
		{BBD7655C-C846-4308-B410-C77957901A77}.Debug|Any CPU.ActiveCfg = Debug|Any CPU
		{BBD7655C-C846-4308-B410-C77957901A77}.Debug|Any CPU.Build.0 = Debug|Any CPU
		{BBD7655C-C846-4308-B410-C77957901A77}.Release|Any CPU.ActiveCfg = Release|Any CPU
		{BBD7655C-C846-4308-B410-C77957901A77}.Release|Any CPU.Build.0 = Release|Any CPU
		{97330F57-3E51-4DE4-8FE9-3B753AA27A08}.Debug|Any CPU.ActiveCfg = Debug|Any CPU
		{97330F57-3E51-4DE4-8FE9-3B753AA27A08}.Debug|Any CPU.Build.0 = Debug|Any CPU
		{97330F57-3E51-4DE4-8FE9-3B753AA27A08}.Release|Any CPU.ActiveCfg = Release|Any CPU
		{97330F57-3E51-4DE4-8FE9-3B753AA27A08}.Release|Any CPU.Build.0 = Release|Any CPU
		{D5F2F843-1349-4880-ADE2-CD51DF1B7954}.Debug|Any CPU.ActiveCfg = Debug|Any CPU
		{D5F2F843-1349-4880-ADE2-CD51DF1B7954}.Debug|Any CPU.Build.0 = Debug|Any CPU
		{D5F2F843-1349-4880-ADE2-CD51DF1B7954}.Release|Any CPU.ActiveCfg = Release|Any CPU
		{D5F2F843-1349-4880-ADE2-CD51DF1B7954}.Release|Any CPU.Build.0 = Release|Any CPU
		{52691189-A78D-4C4F-B042-4697B0AE1210}.Debug|Any CPU.ActiveCfg = Debug|Any CPU
		{52691189-A78D-4C4F-B042-4697B0AE1210}.Debug|Any CPU.Build.0 = Debug|Any CPU
		{52691189-A78D-4C4F-B042-4697B0AE1210}.Release|Any CPU.ActiveCfg = Release|Any CPU
		{52691189-A78D-4C4F-B042-4697B0AE1210}.Release|Any CPU.Build.0 = Release|Any CPU
	EndGlobalSection
	GlobalSection(SolutionProperties) = preSolution
		HideSolutionNode = FALSE
	EndGlobalSection
	GlobalSection(ExtensibilityGlobals) = postSolution
		SolutionGuid = {77461457-D935-49D5-8D98-FE8AEE1EE2DD}
	EndGlobalSection
EndGlobal
